{
  "object": {
    "pins": [
      {
        "package": "combine-schedulers",
        "repositoryURL": "https://github.com/pointfreeco/combine-schedulers",
        "state": {
          "branch": null,
          "revision": "f1250faa1c1436ca83950ce676a4fe97a309a457",
          "version": "0.4.1"
        }
      },
      {
        "package": "CombineExpectations",
        "repositoryURL": "https://github.com/groue/CombineExpectations.git",
        "state": {
          "branch": null,
          "revision": "5c36f3199960776fc055196a93ca04bfc00e1857",
          "version": "0.7.0"
        }
      },
      {
        "package": "DITranquillity",
        "repositoryURL": "https://github.com/ivlevAstef/DITranquillity.git",
        "state": {
          "branch": null,
          "revision": "e0129f38113e897e1e287a0098c0b536c493efa8",
          "version": "4.2.0"
        }
      },
      {
        "package": "GRDB",
        "repositoryURL": "https://github.com/groue/GRDB.swift.git",
        "state": {
          "branch": null,
          "revision": "2a917823ed2511ec5cb21a83f8a4f389e45d7038",
          "version": "5.2.0"
        }
      },
      {
        "package": "grpc-swift",
        "repositoryURL": "https://github.com/grpc/grpc-swift.git",
        "state": {
          "branch": null,
          "revision": "9e464a75079928366aa7041769a271fac89271bf",
          "version": "1.0.0"
        }
      },
      {
        "package": "swift-case-paths",
        "repositoryURL": "https://github.com/pointfreeco/swift-case-paths",
        "state": {
          "branch": null,
          "revision": "1aa1bf7c4069d9ba2f7edd36dbfc96ff1c58cbff",
          "version": "0.1.3"
        }
      },
      {
        "package": "swift-composable-architecture",
        "repositoryURL": "https://github.com/pointfreeco/swift-composable-architecture",
        "state": {
          "branch": null,
          "revision": "84b9a004384eb8dcd2fd817a5bc61d0152a47422",
          "version": "0.17.0"
        }
      },
      {
        "package": "swift-log",
        "repositoryURL": "https://github.com/apple/swift-log.git",
        "state": {
          "branch": null,
          "revision": "5d66f7ba25daf4f94100e7022febf3c75e37a6c7",
          "version": "1.4.2"
        }
      },
      {
        "package": "swift-nio",
        "repositoryURL": "https://github.com/apple/swift-nio.git",
        "state": {
          "branch": null,
          "revision": "6d3ca7e54e06a69d0f2612c2ce8bb8b7319085a4",
          "version": "2.26.0"
        }
      },
      {
        "package": "swift-nio-extras",
        "repositoryURL": "https://github.com/apple/swift-nio-extras.git",
        "state": {
          "branch": null,
          "revision": "de1c80ad1fdff1ba772bcef6b392c3ef735f39a6",
          "version": "1.8.0"
        }
      },
      {
        "package": "swift-nio-http2",
        "repositoryURL": "https://github.com/apple/swift-nio-http2.git",
        "state": {
          "branch": null,
          "revision": "f4736a3b78a2bbe3feb7fc0f33f6683a8c27974c",
          "version": "1.16.3"
        }
      },
      {
        "package": "swift-nio-ssl",
        "repositoryURL": "https://github.com/apple/swift-nio-ssl.git",
        "state": {
          "branch": null,
          "revision": "bbb38fbcbbe9dc4665b2c638dfa5681b01079bfb",
          "version": "2.10.4"
        }
      },
      {
        "package": "swift-nio-transport-services",
        "repositoryURL": "https://github.com/apple/swift-nio-transport-services.git",
        "state": {
          "branch": null,
          "revision": "1d28d48e071727f4558a8a4bb1894472abc47a58",
          "version": "1.9.2"
        }
      },
      {
        "package": "SwiftProtobuf",
        "repositoryURL": "https://github.com/apple/swift-protobuf.git",
        "state": {
          "branch": null,
          "revision": "da9a52be9cd36c63993291ce3f1b65dafcd1e826",
          "version": "1.14.0"
        }
      },
      {
        "package": "SwiftLazy",
        "repositoryURL": "https://github.com/ivlevAstef/SwiftLazy.git",
        "state": {
          "branch": null,
          "revision": "70f0b50542d97212b8bad18075a500537c244abc",
          "version": "1.1.8"
        }
      },
      {
        "package": "xctest-dynamic-overlay",
        "repositoryURL": "https://github.com/pointfreeco/xctest-dynamic-overlay",
        "state": {
          "branch": null,
          "revision": "603974e3909ad4b48ba04aad7e0ceee4f077a518",
          "version": "0.1.0"
        }
      }
    ]
  },
  "version": 1
}
